
Microsoft Visual Studio Solution File, Format Version 12.00
# Visual Studio Version 16
VisualStudioVersion = 16.0.31205.134
MinimumVisualStudioVersion = 10.0.40219.1
Project("{FAE04EC0-301F-11D3-BF4B-00C04F79EFBC}") = "csvConversion", "csvConversion\csvConversion.csproj", "{52A06B13-5997-4E3F-A2CA-962CE7730C4F}"
EndProject
Global
	GlobalSection(SolutionConfigurationPlatforms) = preSolution
		Debug|Any CPU = Debug|Any CPU
		Release|Any CPU = Release|Any CPU
	EndGlobalSection
	GlobalSection(ProjectConfigurationPlatforms) = postSolution
		{52A06B13-5997-4E3F-A2CA-962CE7730C4F}.Debug|Any CPU.ActiveCfg = Debug|Any CPU
		{52A06B13-5997-4E3F-A2CA-962CE7730C4F}.Debug|Any CPU.Build.0 = Debug|Any CPU
		{52A06B13-5997-4E3F-A2CA-962CE7730C4F}.Release|Any CPU.ActiveCfg = Release|Any CPU
		{52A06B13-5997-4E3F-A2CA-962CE7730C4F}.Release|Any CPU.Build.0 = Release|Any CPU
	EndGlobalSection
	GlobalSection(SolutionProperties) = preSolution
		HideSolutionNode = FALSE
	EndGlobalSection
	GlobalSection(ExtensibilityGlobals) = postSolution
		SolutionGuid = {3FAEA0BF-2769-493B-BA72-7C48820B6E77}
	EndGlobalSection
EndGlobal
